
Microsoft Visual Studio Solution File, Format Version 12.00
# Visual Studio Version 17
VisualStudioVersion = 17.0.31903.59
MinimumVisualStudioVersion = 10.0.40219.1
Project("{2150E333-8FDC-42A3-9474-1A3956D46DE8}") = "src", "src", "{827E0CD3-B72D-47B6-A68D-7590B98EB39B}"
EndProject
Project("{2150E333-8FDC-42A3-9474-1A3956D46DE8}") = "Services", "Services", "{984BB9B3-3FA3-BE33-9484-CAC21695A33C}"
EndProject
Project("{FAE04EC0-301F-11D3-BF4B-00C04F79EFBC}") = "Stock.API", "src\Services\Stock.API\Stock.API.csproj", "{5F92C686-610F-4FE0-BDFA-B33DD646FB5B}"
EndProject
Project("{FAE04EC0-301F-11D3-BF4B-00C04F79EFBC}") = "Sales.API", "src\Services\Sales.API\Sales.API.csproj", "{0D9EA089-53E8-4B57-B601-DA486F240ED1}"
EndProject
Project("{2150E333-8FDC-42A3-9474-1A3956D46DE8}") = "Gateways", "Gateways", "{CBE535C5-B51A-60E9-4D99-AC1BFAA908A1}"
EndProject
Project("{FAE04EC0-301F-11D3-BF4B-00C04F79EFBC}") = "ApiGateway", "src\Gateways\ApiGateway\ApiGateway.csproj", "{C2459D9A-8D15-408B-A820-DD4A9E2F64EA}"
EndProject
Project("{FAE04EC0-301F-11D3-BF4B-00C04F79EFBC}") = "Identity.API", "src\Services\Identity.API\Identity.API.csproj", "{3CFBF067-597B-4E0E-AEE1-B7EA8F9C66AA}"
EndProject
Global
	GlobalSection(SolutionConfigurationPlatforms) = preSolution
		Debug|Any CPU = Debug|Any CPU
		Debug|x64 = Debug|x64
		Debug|x86 = Debug|x86
		Release|Any CPU = Release|Any CPU
		Release|x64 = Release|x64
		Release|x86 = Release|x86
	EndGlobalSection
	GlobalSection(ProjectConfigurationPlatforms) = postSolution
		{5F92C686-610F-4FE0-BDFA-B33DD646FB5B}.Debug|Any CPU.ActiveCfg = Debug|Any CPU
		{5F92C686-610F-4FE0-BDFA-B33DD646FB5B}.Debug|Any CPU.Build.0 = Debug|Any CPU
		{5F92C686-610F-4FE0-BDFA-B33DD646FB5B}.Debug|x64.ActiveCfg = Debug|Any CPU
		{5F92C686-610F-4FE0-BDFA-B33DD646FB5B}.Debug|x64.Build.0 = Debug|Any CPU
		{5F92C686-610F-4FE0-BDFA-B33DD646FB5B}.Debug|x86.ActiveCfg = Debug|Any CPU
		{5F92C686-610F-4FE0-BDFA-B33DD646FB5B}.Debug|x86.Build.0 = Debug|Any CPU
		{5F92C686-610F-4FE0-BDFA-B33DD646FB5B}.Release|Any CPU.ActiveCfg = Release|Any CPU
		{5F92C686-610F-4FE0-BDFA-B33DD646FB5B}.Release|Any CPU.Build.0 = Release|Any CPU
		{5F92C686-610F-4FE0-BDFA-B33DD646FB5B}.Release|x64.ActiveCfg = Release|Any CPU
		{5F92C686-610F-4FE0-BDFA-B33DD646FB5B}.Release|x64.Build.0 = Release|Any CPU
		{5F92C686-610F-4FE0-BDFA-B33DD646FB5B}.Release|x86.ActiveCfg = Release|Any CPU
		{5F92C686-610F-4FE0-BDFA-B33DD646FB5B}.Release|x86.Build.0 = Release|Any CPU
		{0D9EA089-53E8-4B57-B601-DA486F240ED1}.Debug|Any CPU.ActiveCfg = Debug|Any CPU
		{0D9EA089-53E8-4B57-B601-DA486F240ED1}.Debug|Any CPU.Build.0 = Debug|Any CPU
		{0D9EA089-53E8-4B57-B601-DA486F240ED1}.Debug|x64.ActiveCfg = Debug|Any CPU
		{0D9EA089-53E8-4B57-B601-DA486F240ED1}.Debug|x64.Build.0 = Debug|Any CPU
		{0D9EA089-53E8-4B57-B601-DA486F240ED1}.Debug|x86.ActiveCfg = Debug|Any CPU
		{0D9EA089-53E8-4B57-B601-DA486F240ED1}.Debug|x86.Build.0 = Debug|Any CPU
		{0D9EA089-53E8-4B57-B601-DA486F240ED1}.Release|Any CPU.ActiveCfg = Release|Any CPU
		{0D9EA089-53E8-4B57-B601-DA486F240ED1}.Release|Any CPU.Build.0 = Release|Any CPU
		{0D9EA089-53E8-4B57-B601-DA486F240ED1}.Release|x64.ActiveCfg = Release|Any CPU
		{0D9EA089-53E8-4B57-B601-DA486F240ED1}.Release|x64.Build.0 = Release|Any CPU
		{0D9EA089-53E8-4B57-B601-DA486F240ED1}.Release|x86.ActiveCfg = Release|Any CPU
		{0D9EA089-53E8-4B57-B601-DA486F240ED1}.Release|x86.Build.0 = Release|Any CPU
		{C2459D9A-8D15-408B-A820-DD4A9E2F64EA}.Debug|Any CPU.ActiveCfg = Debug|Any CPU
		{C2459D9A-8D15-408B-A820-DD4A9E2F64EA}.Debug|Any CPU.Build.0 = Debug|Any CPU
		{C2459D9A-8D15-408B-A820-DD4A9E2F64EA}.Debug|x64.ActiveCfg = Debug|Any CPU
		{C2459D9A-8D15-408B-A820-DD4A9E2F64EA}.Debug|x64.Build.0 = Debug|Any CPU
		{C2459D9A-8D15-408B-A820-DD4A9E2F64EA}.Debug|x86.ActiveCfg = Debug|Any CPU
		{C2459D9A-8D15-408B-A820-DD4A9E2F64EA}.Debug|x86.Build.0 = Debug|Any CPU
		{C2459D9A-8D15-408B-A820-DD4A9E2F64EA}.Release|Any CPU.ActiveCfg = Release|Any CPU
		{C2459D9A-8D15-408B-A820-DD4A9E2F64EA}.Release|Any CPU.Build.0 = Release|Any CPU
		{C2459D9A-8D15-408B-A820-DD4A9E2F64EA}.Release|x64.ActiveCfg = Release|Any CPU
		{C2459D9A-8D15-408B-A820-DD4A9E2F64EA}.Release|x64.Build.0 = Release|Any CPU
		{C2459D9A-8D15-408B-A820-DD4A9E2F64EA}.Release|x86.ActiveCfg = Release|Any CPU
		{C2459D9A-8D15-408B-A820-DD4A9E2F64EA}.Release|x86.Build.0 = Release|Any CPU
		{3CFBF067-597B-4E0E-AEE1-B7EA8F9C66AA}.Debug|Any CPU.ActiveCfg = Debug|Any CPU
		{3CFBF067-597B-4E0E-AEE1-B7EA8F9C66AA}.Debug|Any CPU.Build.0 = Debug|Any CPU
		{3CFBF067-597B-4E0E-AEE1-B7EA8F9C66AA}.Debug|x64.ActiveCfg = Debug|Any CPU
		{3CFBF067-597B-4E0E-AEE1-B7EA8F9C66AA}.Debug|x64.Build.0 = Debug|Any CPU
		{3CFBF067-597B-4E0E-AEE1-B7EA8F9C66AA}.Debug|x86.ActiveCfg = Debug|Any CPU
		{3CFBF067-597B-4E0E-AEE1-B7EA8F9C66AA}.Debug|x86.Build.0 = Debug|Any CPU
		{3CFBF067-597B-4E0E-AEE1-B7EA8F9C66AA}.Release|Any CPU.ActiveCfg = Release|Any CPU
		{3CFBF067-597B-4E0E-AEE1-B7EA8F9C66AA}.Release|Any CPU.Build.0 = Release|Any CPU
		{3CFBF067-597B-4E0E-AEE1-B7EA8F9C66AA}.Release|x64.ActiveCfg = Release|Any CPU
		{3CFBF067-597B-4E0E-AEE1-B7EA8F9C66AA}.Release|x64.Build.0 = Release|Any CPU
		{3CFBF067-597B-4E0E-AEE1-B7EA8F9C66AA}.Release|x86.ActiveCfg = Release|Any CPU
		{3CFBF067-597B-4E0E-AEE1-B7EA8F9C66AA}.Release|x86.Build.0 = Release|Any CPU
	EndGlobalSection
	GlobalSection(SolutionProperties) = preSolution
		HideSolutionNode = FALSE
	EndGlobalSection
	GlobalSection(NestedProjects) = preSolution
		{984BB9B3-3FA3-BE33-9484-CAC21695A33C} = {827E0CD3-B72D-47B6-A68D-7590B98EB39B}
		{5F92C686-610F-4FE0-BDFA-B33DD646FB5B} = {984BB9B3-3FA3-BE33-9484-CAC21695A33C}
		{0D9EA089-53E8-4B57-B601-DA486F240ED1} = {984BB9B3-3FA3-BE33-9484-CAC21695A33C}
		{CBE535C5-B51A-60E9-4D99-AC1BFAA908A1} = {827E0CD3-B72D-47B6-A68D-7590B98EB39B}
		{C2459D9A-8D15-408B-A820-DD4A9E2F64EA} = {CBE535C5-B51A-60E9-4D99-AC1BFAA908A1}
		{3CFBF067-597B-4E0E-AEE1-B7EA8F9C66AA} = {984BB9B3-3FA3-BE33-9484-CAC21695A33C}
	EndGlobalSection
EndGlobal
